
Microsoft Visual Studio Solution File, Format Version 12.00
# Visual Studio Version 18
VisualStudioVersion = 18.0.11018.127
MinimumVisualStudioVersion = 10.0.40219.1
Project("{FAE04EC0-301F-11D3-BF4B-00C04F79EFBC}") = "Midterm_EquipmentRental_Group2", "Midterm_EquipmentRental_Group2\Midterm_EquipmentRental_Group2.csproj", "{4D1B1047-48A3-FB28-784F-3187D099B00C}"
EndProject
Project("{54A90642-561A-4BB1-A94E-469ADEE60C69}") = "client", "client\client.esproj", "{5DC3FCCF-9129-207D-CAD8-1B96C9FA47E2}"
	ProjectSection(ProjectDependencies) = postProject
		{4D1B1047-48A3-FB28-784F-3187D099B00C} = {4D1B1047-48A3-FB28-784F-3187D099B00C}
	EndProjectSection
EndProject
Global
	GlobalSection(SolutionConfigurationPlatforms) = preSolution
		Debug|Any CPU = Debug|Any CPU
		Release|Any CPU = Release|Any CPU
	EndGlobalSection
	GlobalSection(ProjectConfigurationPlatforms) = postSolution
		{4D1B1047-48A3-FB28-784F-3187D099B00C}.Debug|Any CPU.ActiveCfg = Debug|Any CPU
		{4D1B1047-48A3-FB28-784F-3187D099B00C}.Debug|Any CPU.Build.0 = Debug|Any CPU
		{4D1B1047-48A3-FB28-784F-3187D099B00C}.Release|Any CPU.ActiveCfg = Release|Any CPU
		{4D1B1047-48A3-FB28-784F-3187D099B00C}.Release|Any CPU.Build.0 = Release|Any CPU
		{5DC3FCCF-9129-207D-CAD8-1B96C9FA47E2}.Debug|Any CPU.ActiveCfg = Debug|Any CPU
		{5DC3FCCF-9129-207D-CAD8-1B96C9FA47E2}.Debug|Any CPU.Build.0 = Debug|Any CPU
		{5DC3FCCF-9129-207D-CAD8-1B96C9FA47E2}.Release|Any CPU.ActiveCfg = Release|Any CPU
		{5DC3FCCF-9129-207D-CAD8-1B96C9FA47E2}.Release|Any CPU.Build.0 = Release|Any CPU
	EndGlobalSection
	GlobalSection(SolutionProperties) = preSolution
		HideSolutionNode = FALSE
	EndGlobalSection
	GlobalSection(ExtensibilityGlobals) = postSolution
		SolutionGuid = {CD746AFC-E7D9-4B10-85D8-2715BA64B743}
	EndGlobalSection
EndGlobal
